// !$*UTF8*$!
{
	archiveVersion = 1;
	classes = {
	};
	objectVersion = 50;
	objects = {

/* Begin PBXBuildFile section */
		4A0D9DB4225CABCC00B4AB39 /* AppDelegate.swift in Sources */ = {isa = PBXBuildFile; fileRef = 4A0D9DB3225CABCC00B4AB39 /* AppDelegate.swift */; };
		4A0D9DB6225CABCC00B4AB39 /* ViewController.swift in Sources */ = {isa = PBXBuildFile; fileRef = 4A0D9DB5225CABCC00B4AB39 /* ViewController.swift */; };
		4A0D9DB9225CABCC00B4AB39 /* Main.storyboard in Resources */ = {isa = PBXBuildFile; fileRef = 4A0D9DB7225CABCC00B4AB39 /* Main.storyboard */; };
		4A0D9DBB225CABCE00B4AB39 /* Assets.xcassets in Resources */ = {isa = PBXBuildFile; fileRef = 4A0D9DBA225CABCE00B4AB39 /* Assets.xcassets */; };
		4A0D9DBE225CABCE00B4AB39 /* LaunchScreen.storyboard in Resources */ = {isa = PBXBuildFile; fileRef = 4A0D9DBC225CABCE00B4AB39 /* LaunchScreen.storyboard */; };
		4A0D9DC9225CD02800B4AB39 /* SessionManagerStore.swift in Sources */ = {isa = PBXBuildFile; fileRef = 4A0D9DC8225CD02800B4AB39 /* SessionManagerStore.swift */; };
		4A0D9DCC225CD55B00B4AB39 /* BaseURL.swift in Sources */ = {isa = PBXBuildFile; fileRef = 4A0D9DCB225CD55B00B4AB39 /* BaseURL.swift */; };
		4A0D9DCE225CD5B500B4AB39 /* API.swift in Sources */ = {isa = PBXBuildFile; fileRef = 4A0D9DCD225CD5B500B4AB39 /* API.swift */; };
		4A0D9DD0225CD73700B4AB39 /* NetworkResult.swift in Sources */ = {isa = PBXBuildFile; fileRef = 4A0D9DCF225CD73700B4AB39 /* NetworkResult.swift */; };
		4A0D9DD2225CD75600B4AB39 /* RequestError.swift in Sources */ = {isa = PBXBuildFile; fileRef = 4A0D9DD1225CD75600B4AB39 /* RequestError.swift */; };
		4A0D9DD4225CD7B700B4AB39 /* DTO.swift in Sources */ = {isa = PBXBuildFile; fileRef = 4A0D9DD3225CD7B700B4AB39 /* DTO.swift */; };
		4A0D9DD6225CD7D800B4AB39 /* NetworkError.swift in Sources */ = {isa = PBXBuildFile; fileRef = 4A0D9DD5225CD7D800B4AB39 /* NetworkError.swift */; };
		4A0D9DD8225CDA2F00B4AB39 /* Endpoint.swift in Sources */ = {isa = PBXBuildFile; fileRef = 4A0D9DD7225CDA2F00B4AB39 /* Endpoint.swift */; };
		4A0D9DDB225CDB1E00B4AB39 /* URLRequest+Networking.swift in Sources */ = {isa = PBXBuildFile; fileRef = 4A0D9DDA225CDB1E00B4AB39 /* URLRequest+Networking.swift */; };
		4A0D9DDE225DD05400B4AB39 /* NetworkManager.swift in Sources */ = {isa = PBXBuildFile; fileRef = 4A0D9DDD225DD05400B4AB39 /* NetworkManager.swift */; };
		4A0D9DE0225DD06700B4AB39 /* EndpointProvider.swift in Sources */ = {isa = PBXBuildFile; fileRef = 4A0D9DDF225DD06700B4AB39 /* EndpointProvider.swift */; };
		4A0D9DE2225DD0E700B4AB39 /* EmptyDTO.swift in Sources */ = {isa = PBXBuildFile; fileRef = 4A0D9DE1225DD0E700B4AB39 /* EmptyDTO.swift */; };
		4A0D9DE5225DD12600B4AB39 /* URLSessionManager.swift in Sources */ = {isa = PBXBuildFile; fileRef = 4A0D9DE4225DD12600B4AB39 /* URLSessionManager.swift */; };
		4A0D9DE7225E0F9B00B4AB39 /* RoutingImp.swift in Sources */ = {isa = PBXBuildFile; fileRef = 4A0D9DE6225E0F9B00B4AB39 /* RoutingImp.swift */; };
		4A0D9DEA225E103C00B4AB39 /* RoutingService.swift in Sources */ = {isa = PBXBuildFile; fileRef = 4A0D9DE9225E103C00B4AB39 /* RoutingService.swift */; };
		4A0D9DEE225E10A800B4AB39 /* TravelMode.swift in Sources */ = {isa = PBXBuildFile; fileRef = 4A0D9DED225E10A800B4AB39 /* TravelMode.swift */; };
		4A0D9E19225E393000B4AB39 /* DirectionRequest.swift in Sources */ = {isa = PBXBuildFile; fileRef = 4A0D9E18225E393000B4AB39 /* DirectionRequest.swift */; };
		4A0D9E1D225E39BD00B4AB39 /* DirectionResponse.swift in Sources */ = {isa = PBXBuildFile; fileRef = 4A0D9E1C225E39BD00B4AB39 /* DirectionResponse.swift */; };
		4A0D9E20225E3BBF00B4AB39 /* Extensions.swift in Sources */ = {isa = PBXBuildFile; fileRef = 4A0D9E1F225E3BBF00B4AB39 /* Extensions.swift */; };
		4A0D9E22225E3BEB00B4AB39 /* API+Extensions.swift in Sources */ = {isa = PBXBuildFile; fileRef = 4A0D9E21225E3BEB00B4AB39 /* API+Extensions.swift */; };
		4A0D9E24225E3C3400B4AB39 /* BaseURL+Extensions.swift in Sources */ = {isa = PBXBuildFile; fileRef = 4A0D9E23225E3C3400B4AB39 /* BaseURL+Extensions.swift */; };
		4A3AE33D2266FECD00D57C87 /* MockNetworkManager.swift in Sources */ = {isa = PBXBuildFile; fileRef = 4A3AE33C2266FECD00D57C87 /* MockNetworkManager.swift */; };
		4A3AE34022670C6B00D57C87 /* DirectionMockData.json in Resources */ = {isa = PBXBuildFile; fileRef = 4A3AE33F22670C6B00D57C87 /* DirectionMockData.json */; };
		4A3AE34222670E4D00D57C87 /* DistanceMockData.json in Resources */ = {isa = PBXBuildFile; fileRef = 4A3AE34122670E4D00D57C87 /* DistanceMockData.json */; };
		4A3AE3442267101400D57C87 /* TestData.swift in Sources */ = {isa = PBXBuildFile; fileRef = 4A3AE3432267101400D57C87 /* TestData.swift */; };
		4A3AE3492267312000D57C87 /* ErrorMockData.json in Resources */ = {isa = PBXBuildFile; fileRef = 4A3AE3482267312000D57C87 /* ErrorMockData.json */; };
		4A3AE34B2267369200D57C87 /* FailureMockData.json in Resources */ = {isa = PBXBuildFile; fileRef = 4A3AE34A2267369200D57C87 /* FailureMockData.json */; };
		4A3AE34E22673E3800D57C87 /* RoutingServicesTests.swift in Sources */ = {isa = PBXBuildFile; fileRef = 4A3AE34D22673E3800D57C87 /* RoutingServicesTests.swift */; };
		4A3AE35022673F4C00D57C87 /* MockDirectionService.swift in Sources */ = {isa = PBXBuildFile; fileRef = 4A3AE34F22673F4C00D57C87 /* MockDirectionService.swift */; };
		4A3AE35222673FAC00D57C87 /* MockDistanceService.swift in Sources */ = {isa = PBXBuildFile; fileRef = 4A3AE35122673FAC00D57C87 /* MockDistanceService.swift */; };
		4A3AE35422674C8000D57C87 /* MapTypeManagerTests.swift in Sources */ = {isa = PBXBuildFile; fileRef = 4A3AE35322674C8000D57C87 /* MapTypeManagerTests.swift */; };
		4A3AE3562267504D00D57C87 /* MockJsonString.swift in Sources */ = {isa = PBXBuildFile; fileRef = 4A3AE3552267504D00D57C87 /* MockJsonString.swift */; };
		4A3AE3582267509300D57C87 /* MapThemeManager.swift in Sources */ = {isa = PBXBuildFile; fileRef = 4A3AE3572267509300D57C87 /* MapThemeManager.swift */; };
		4A3AE359226758FD00D57C87 /* StandardTheme.json in Resources */ = {isa = PBXBuildFile; fileRef = 4A98328C22648C0500005D37 /* StandardTheme.json */; };
		4A3AE35D22675FDD00D57C87 /* MapStyleTests.swift in Sources */ = {isa = PBXBuildFile; fileRef = 4A3AE35C22675FDD00D57C87 /* MapStyleTests.swift */; };
		4A3AE35F22675FF500D57C87 /* MockMapTypeManager.swift in Sources */ = {isa = PBXBuildFile; fileRef = 4A3AE35E22675FF500D57C87 /* MockMapTypeManager.swift */; };
		4A3AE3612267606700D57C87 /* MockThemeManager.swift in Sources */ = {isa = PBXBuildFile; fileRef = 4A3AE3602267606700D57C87 /* MockThemeManager.swift */; };
		4A3AE3632268604900D57C87 /* TrafficMonitoringTests.swift in Sources */ = {isa = PBXBuildFile; fileRef = 4A3AE3622268604900D57C87 /* TrafficMonitoringTests.swift */; };
		4A3AE367226880E600D57C87 /* MockRoutingService.swift in Sources */ = {isa = PBXBuildFile; fileRef = 4A3AE366226880E600D57C87 /* MockRoutingService.swift */; };
		4A3AE36922688A5500D57C87 /* RoutingTests.swift in Sources */ = {isa = PBXBuildFile; fileRef = 4A3AE36822688A5500D57C87 /* RoutingTests.swift */; };
		4A3AE36F226EF34C00D57C87 /* CameraManager.swift in Sources */ = {isa = PBXBuildFile; fileRef = 4A3AE36E226EF34C00D57C87 /* CameraManager.swift */; };
		4A3AE371226EF82D00D57C87 /* CameraManagerImp.swift in Sources */ = {isa = PBXBuildFile; fileRef = 4A3AE370226EF82D00D57C87 /* CameraManagerImp.swift */; };
		4A3AE37422704D3100D57C87 /* CameraManagerTests.swift in Sources */ = {isa = PBXBuildFile; fileRef = 4A3AE37322704D3100D57C87 /* CameraManagerTests.swift */; };
		4A3AE37A22785D4B00D57C87 /* SearchBarManager.swift in Sources */ = {isa = PBXBuildFile; fileRef = 4A3AE37922785D4B00D57C87 /* SearchBarManager.swift */; };
		4A3AE37C2278600D00D57C87 /* SearchBarManagerImp.swift in Sources */ = {isa = PBXBuildFile; fileRef = 4A3AE37B2278600D00D57C87 /* SearchBarManagerImp.swift */; };
		4A3FDC1A225F8CFD0015060C /* DistanceEndpointProvider.swift in Sources */ = {isa = PBXBuildFile; fileRef = 4A3FDC19225F8CFD0015060C /* DistanceEndpointProvider.swift */; };
		4A3FDC1C225FA7980015060C /* RouteInfoDTO.swift in Sources */ = {isa = PBXBuildFile; fileRef = 4A3FDC1B225FA7980015060C /* RouteInfoDTO.swift */; };
		4A3FDC1E225FB40A0015060C /* DirectionsResult.swift in Sources */ = {isa = PBXBuildFile; fileRef = 4A3FDC1D225FB40A0015060C /* DirectionsResult.swift */; };
		4A3FDC20225FCE0D0015060C /* ExtraRouteInfo.swift in Sources */ = {isa = PBXBuildFile; fileRef = 4A3FDC1F225FCE0D0015060C /* ExtraRouteInfo.swift */; };
		4A3FDC232260ADB50015060C /* Routing.swift in Sources */ = {isa = PBXBuildFile; fileRef = 4A3FDC222260ADB50015060C /* Routing.swift */; };
		4A3FDC252263535D0015060C /* Alternatives.swift in Sources */ = {isa = PBXBuildFile; fileRef = 4A3FDC242263535D0015060C /* Alternatives.swift */; };
		4A3FDC28226358070015060C /* MapFrameworkConstants.swift in Sources */ = {isa = PBXBuildFile; fileRef = 4A3FDC27226358070015060C /* MapFrameworkConstants.swift */; };
		4A3FDC2E2263726D0015060C /* DirectionEndpointProvider.swift in Sources */ = {isa = PBXBuildFile; fileRef = 4A3FDC2D2263726D0015060C /* DirectionEndpointProvider.swift */; };
		4A3FDC30226373B90015060C /* DistanceRequest.swift in Sources */ = {isa = PBXBuildFile; fileRef = 4A3FDC2F226373B90015060C /* DistanceRequest.swift */; };
		4A3FDC32226374D10015060C /* DistanceResponse.swift in Sources */ = {isa = PBXBuildFile; fileRef = 4A3FDC31226374D10015060C /* DistanceResponse.swift */; };
		4A3FDC3522637CF50015060C /* DirectionServices.swift in Sources */ = {isa = PBXBuildFile; fileRef = 4A3FDC3422637CF50015060C /* DirectionServices.swift */; };
		4A3FDC3722637E350015060C /* DistanceServices.swift in Sources */ = {isa = PBXBuildFile; fileRef = 4A3FDC3622637E350015060C /* DistanceServices.swift */; };
		4A3FDC3922637EA80015060C /* DistanceResult.swift in Sources */ = {isa = PBXBuildFile; fileRef = 4A3FDC3822637EA80015060C /* DistanceResult.swift */; };
		4A3FDC3B22638ABE0015060C /* DistanceData.swift in Sources */ = {isa = PBXBuildFile; fileRef = 4A3FDC3A22638ABE0015060C /* DistanceData.swift */; };
		4A3FDC4022639DA80015060C /* TrafficMonitoringImp.swift in Sources */ = {isa = PBXBuildFile; fileRef = 4A3FDC3F22639DA80015060C /* TrafficMonitoringImp.swift */; };
		4A3FDC432263A3DF0015060C /* MapTypeManagerImp.swift in Sources */ = {isa = PBXBuildFile; fileRef = 4A3FDC422263A3DF0015060C /* MapTypeManagerImp.swift */; };
		4A3FDC452263A4D30015060C /* MapType.swift in Sources */ = {isa = PBXBuildFile; fileRef = 4A3FDC442263A4D30015060C /* MapType.swift */; };
		4A3FDC482263A7120015060C /* MapStyleImp.swift in Sources */ = {isa = PBXBuildFile; fileRef = 4A3FDC472263A7120015060C /* MapStyleImp.swift */; };
		4A3FDC4B226453790015060C /* TrafficMonitoring.swift in Sources */ = {isa = PBXBuildFile; fileRef = 4A3FDC4A226453790015060C /* TrafficMonitoring.swift */; };
		4A3FDC4E226453AC0015060C /* MapTypeManager.swift in Sources */ = {isa = PBXBuildFile; fileRef = 4A3FDC4D226453AC0015060C /* MapTypeManager.swift */; };
		4A3FDC50226453CF0015060C /* MapStyle.swift in Sources */ = {isa = PBXBuildFile; fileRef = 4A3FDC4F226453CF0015060C /* MapStyle.swift */; };
		4A98328D22648C0500005D37 /* StandardTheme.json in Resources */ = {isa = PBXBuildFile; fileRef = 4A98328C22648C0500005D37 /* StandardTheme.json */; };
		4A98328F22648C4200005D37 /* SilverTheme.json in Resources */ = {isa = PBXBuildFile; fileRef = 4A98328E22648C4200005D37 /* SilverTheme.json */; };
		4A98329122648C5500005D37 /* RetroTheme.json in Resources */ = {isa = PBXBuildFile; fileRef = 4A98329022648C5500005D37 /* RetroTheme.json */; };
		4A98329322648C6900005D37 /* DarkTheme.json in Resources */ = {isa = PBXBuildFile; fileRef = 4A98329222648C6900005D37 /* DarkTheme.json */; };
		4A98329522648C7700005D37 /* NightTheme.json in Resources */ = {isa = PBXBuildFile; fileRef = 4A98329422648C7700005D37 /* NightTheme.json */; };
		4A98329722648C8F00005D37 /* AubergineTheme.json in Resources */ = {isa = PBXBuildFile; fileRef = 4A98329622648C8F00005D37 /* AubergineTheme.json */; };
		4A9832992264914200005D37 /* MapThemeManagerImp.swift in Sources */ = {isa = PBXBuildFile; fileRef = 4A9832982264914200005D37 /* MapThemeManagerImp.swift */; };
		4A98329B2264915500005D37 /* MapThemeManager.swift in Sources */ = {isa = PBXBuildFile; fileRef = 4A98329A2264915500005D37 /* MapThemeManager.swift */; };
		4A98329D2264926600005D37 /* MapTheme.swift in Sources */ = {isa = PBXBuildFile; fileRef = 4A98329C2264926600005D37 /* MapTheme.swift */; };
		4A98329F22649B4F00005D37 /* MapFrameworkExceptions.swift in Sources */ = {isa = PBXBuildFile; fileRef = 4A98329E22649B4F00005D37 /* MapFrameworkExceptions.swift */; };
		4A9832A72266024900005D37 /* VDMapFrameworkTestApplicationTests.swift in Sources */ = {isa = PBXBuildFile; fileRef = 4A9832A62266024900005D37 /* VDMapFrameworkTestApplicationTests.swift */; };
		4A9832B4226602F300005D37 /* DistanceServicesTests.swift in Sources */ = {isa = PBXBuildFile; fileRef = 4A9832B3226602F300005D37 /* DistanceServicesTests.swift */; };
		4A9832B82266032000005D37 /* DirectionServices.swift in Sources */ = {isa = PBXBuildFile; fileRef = 4A9832B72266032000005D37 /* DirectionServices.swift */; };
		FEA6058808130977D0125DB2 /* Pods_VDMapFrameworkTestApplication.framework in Frameworks */ = {isa = PBXBuildFile; fileRef = 50BF049D2C5ABF9F95C4FD11 /* Pods_VDMapFrameworkTestApplication.framework */; };
/* End PBXBuildFile section */

/* Begin PBXContainerItemProxy section */
		4A9832A92266024900005D37 /* PBXContainerItemProxy */ = {
			isa = PBXContainerItemProxy;
			containerPortal = 4A0D9DA8225CABCC00B4AB39 /* Project object */;
			proxyType = 1;
			remoteGlobalIDString = 4A0D9DAF225CABCC00B4AB39;
			remoteInfo = VDMapFrameworkTestApplication;
		};
/* End PBXContainerItemProxy section */

/* Begin PBXFileReference section */
		4A0D9DB0225CABCC00B4AB39 /* VDMapFrameworkTestApplication.app */ = {isa = PBXFileReference; explicitFileType = wrapper.application; includeInIndex = 0; path = VDMapFrameworkTestApplication.app; sourceTree = BUILT_PRODUCTS_DIR; };
		4A0D9DB3225CABCC00B4AB39 /* AppDelegate.swift */ = {isa = PBXFileReference; lastKnownFileType = sourcecode.swift; path = AppDelegate.swift; sourceTree = "<group>"; };
		4A0D9DB5225CABCC00B4AB39 /* ViewController.swift */ = {isa = PBXFileReference; lastKnownFileType = sourcecode.swift; path = ViewController.swift; sourceTree = "<group>"; };
		4A0D9DB8225CABCC00B4AB39 /* Base */ = {isa = PBXFileReference; lastKnownFileType = file.storyboard; name = Base; path = Base.lproj/Main.storyboard; sourceTree = "<group>"; };
		4A0D9DBA225CABCE00B4AB39 /* Assets.xcassets */ = {isa = PBXFileReference; lastKnownFileType = folder.assetcatalog; path = Assets.xcassets; sourceTree = "<group>"; };
		4A0D9DBD225CABCE00B4AB39 /* Base */ = {isa = PBXFileReference; lastKnownFileType = file.storyboard; name = Base; path = Base.lproj/LaunchScreen.storyboard; sourceTree = "<group>"; };
		4A0D9DBF225CABCE00B4AB39 /* Info.plist */ = {isa = PBXFileReference; lastKnownFileType = text.plist.xml; path = Info.plist; sourceTree = "<group>"; };
		4A0D9DC8225CD02800B4AB39 /* SessionManagerStore.swift */ = {isa = PBXFileReference; lastKnownFileType = sourcecode.swift; path = SessionManagerStore.swift; sourceTree = "<group>"; };
		4A0D9DCB225CD55B00B4AB39 /* BaseURL.swift */ = {isa = PBXFileReference; lastKnownFileType = sourcecode.swift; path = BaseURL.swift; sourceTree = "<group>"; };
		4A0D9DCD225CD5B500B4AB39 /* API.swift */ = {isa = PBXFileReference; lastKnownFileType = sourcecode.swift; path = API.swift; sourceTree = "<group>"; };
		4A0D9DCF225CD73700B4AB39 /* NetworkResult.swift */ = {isa = PBXFileReference; lastKnownFileType = sourcecode.swift; path = NetworkResult.swift; sourceTree = "<group>"; };
		4A0D9DD1225CD75600B4AB39 /* RequestError.swift */ = {isa = PBXFileReference; lastKnownFileType = sourcecode.swift; path = RequestError.swift; sourceTree = "<group>"; };
		4A0D9DD3225CD7B700B4AB39 /* DTO.swift */ = {isa = PBXFileReference; lastKnownFileType = sourcecode.swift; path = DTO.swift; sourceTree = "<group>"; };
		4A0D9DD5225CD7D800B4AB39 /* NetworkError.swift */ = {isa = PBXFileReference; lastKnownFileType = sourcecode.swift; path = NetworkError.swift; sourceTree = "<group>"; };
		4A0D9DD7225CDA2F00B4AB39 /* Endpoint.swift */ = {isa = PBXFileReference; lastKnownFileType = sourcecode.swift; path = Endpoint.swift; sourceTree = "<group>"; };
		4A0D9DDA225CDB1E00B4AB39 /* URLRequest+Networking.swift */ = {isa = PBXFileReference; lastKnownFileType = sourcecode.swift; path = "URLRequest+Networking.swift"; sourceTree = "<group>"; };
		4A0D9DDD225DD05400B4AB39 /* NetworkManager.swift */ = {isa = PBXFileReference; lastKnownFileType = sourcecode.swift; path = NetworkManager.swift; sourceTree = "<group>"; };
		4A0D9DDF225DD06700B4AB39 /* EndpointProvider.swift */ = {isa = PBXFileReference; lastKnownFileType = sourcecode.swift; path = EndpointProvider.swift; sourceTree = "<group>"; };
		4A0D9DE1225DD0E700B4AB39 /* EmptyDTO.swift */ = {isa = PBXFileReference; lastKnownFileType = sourcecode.swift; path = EmptyDTO.swift; sourceTree = "<group>"; };
		4A0D9DE4225DD12600B4AB39 /* URLSessionManager.swift */ = {isa = PBXFileReference; lastKnownFileType = sourcecode.swift; path = URLSessionManager.swift; sourceTree = "<group>"; };
		4A0D9DE6225E0F9B00B4AB39 /* RoutingImp.swift */ = {isa = PBXFileReference; lastKnownFileType = sourcecode.swift; path = RoutingImp.swift; sourceTree = "<group>"; };
		4A0D9DE9225E103C00B4AB39 /* RoutingService.swift */ = {isa = PBXFileReference; lastKnownFileType = sourcecode.swift; path = RoutingService.swift; sourceTree = "<group>"; };
		4A0D9DED225E10A800B4AB39 /* TravelMode.swift */ = {isa = PBXFileReference; lastKnownFileType = sourcecode.swift; path = TravelMode.swift; sourceTree = "<group>"; };
		4A0D9E18225E393000B4AB39 /* DirectionRequest.swift */ = {isa = PBXFileReference; lastKnownFileType = sourcecode.swift; path = DirectionRequest.swift; sourceTree = "<group>"; };
		4A0D9E1C225E39BD00B4AB39 /* DirectionResponse.swift */ = {isa = PBXFileReference; lastKnownFileType = sourcecode.swift; path = DirectionResponse.swift; sourceTree = "<group>"; };
		4A0D9E1F225E3BBF00B4AB39 /* Extensions.swift */ = {isa = PBXFileReference; lastKnownFileType = sourcecode.swift; path = Extensions.swift; sourceTree = "<group>"; };
		4A0D9E21225E3BEB00B4AB39 /* API+Extensions.swift */ = {isa = PBXFileReference; lastKnownFileType = sourcecode.swift; path = "API+Extensions.swift"; sourceTree = "<group>"; };
		4A0D9E23225E3C3400B4AB39 /* BaseURL+Extensions.swift */ = {isa = PBXFileReference; lastKnownFileType = sourcecode.swift; path = "BaseURL+Extensions.swift"; sourceTree = "<group>"; };
		4A3AE33C2266FECD00D57C87 /* MockNetworkManager.swift */ = {isa = PBXFileReference; lastKnownFileType = sourcecode.swift; path = MockNetworkManager.swift; sourceTree = "<group>"; };
		4A3AE33F22670C6B00D57C87 /* DirectionMockData.json */ = {isa = PBXFileReference; lastKnownFileType = text.json; path = DirectionMockData.json; sourceTree = "<group>"; };
		4A3AE34122670E4D00D57C87 /* DistanceMockData.json */ = {isa = PBXFileReference; lastKnownFileType = text.json; path = DistanceMockData.json; sourceTree = "<group>"; };
		4A3AE3432267101400D57C87 /* TestData.swift */ = {isa = PBXFileReference; lastKnownFileType = sourcecode.swift; path = TestData.swift; sourceTree = "<group>"; };
		4A3AE3482267312000D57C87 /* ErrorMockData.json */ = {isa = PBXFileReference; lastKnownFileType = text.json; path = ErrorMockData.json; sourceTree = "<group>"; };
		4A3AE34A2267369200D57C87 /* FailureMockData.json */ = {isa = PBXFileReference; lastKnownFileType = text.json; path = FailureMockData.json; sourceTree = "<group>"; };
		4A3AE34D22673E3800D57C87 /* RoutingServicesTests.swift */ = {isa = PBXFileReference; lastKnownFileType = sourcecode.swift; path = RoutingServicesTests.swift; sourceTree = "<group>"; };
		4A3AE34F22673F4C00D57C87 /* MockDirectionService.swift */ = {isa = PBXFileReference; lastKnownFileType = sourcecode.swift; path = MockDirectionService.swift; sourceTree = "<group>"; };
		4A3AE35122673FAC00D57C87 /* MockDistanceService.swift */ = {isa = PBXFileReference; lastKnownFileType = sourcecode.swift; path = MockDistanceService.swift; sourceTree = "<group>"; };
		4A3AE35322674C8000D57C87 /* MapTypeManagerTests.swift */ = {isa = PBXFileReference; lastKnownFileType = sourcecode.swift; path = MapTypeManagerTests.swift; sourceTree = "<group>"; };
		4A3AE3552267504D00D57C87 /* MockJsonString.swift */ = {isa = PBXFileReference; lastKnownFileType = sourcecode.swift; path = MockJsonString.swift; sourceTree = "<group>"; };
		4A3AE3572267509300D57C87 /* MapThemeManager.swift */ = {isa = PBXFileReference; lastKnownFileType = sourcecode.swift; path = MapThemeManager.swift; sourceTree = "<group>"; };
		4A3AE35C22675FDD00D57C87 /* MapStyleTests.swift */ = {isa = PBXFileReference; lastKnownFileType = sourcecode.swift; path = MapStyleTests.swift; sourceTree = "<group>"; };
		4A3AE35E22675FF500D57C87 /* MockMapTypeManager.swift */ = {isa = PBXFileReference; lastKnownFileType = sourcecode.swift; path = MockMapTypeManager.swift; sourceTree = "<group>"; };
		4A3AE3602267606700D57C87 /* MockThemeManager.swift */ = {isa = PBXFileReference; lastKnownFileType = sourcecode.swift; path = MockThemeManager.swift; sourceTree = "<group>"; };
		4A3AE3622268604900D57C87 /* TrafficMonitoringTests.swift */ = {isa = PBXFileReference; lastKnownFileType = sourcecode.swift; path = TrafficMonitoringTests.swift; sourceTree = "<group>"; };
		4A3AE366226880E600D57C87 /* MockRoutingService.swift */ = {isa = PBXFileReference; lastKnownFileType = sourcecode.swift; path = MockRoutingService.swift; sourceTree = "<group>"; };
		4A3AE36822688A5500D57C87 /* RoutingTests.swift */ = {isa = PBXFileReference; lastKnownFileType = sourcecode.swift; path = RoutingTests.swift; sourceTree = "<group>"; };
		4A3AE36E226EF34C00D57C87 /* CameraManager.swift */ = {isa = PBXFileReference; lastKnownFileType = sourcecode.swift; path = CameraManager.swift; sourceTree = "<group>"; };
		4A3AE370226EF82D00D57C87 /* CameraManagerImp.swift */ = {isa = PBXFileReference; lastKnownFileType = sourcecode.swift; path = CameraManagerImp.swift; sourceTree = "<group>"; };
		4A3AE37322704D3100D57C87 /* CameraManagerTests.swift */ = {isa = PBXFileReference; lastKnownFileType = sourcecode.swift; path = CameraManagerTests.swift; sourceTree = "<group>"; };
		4A3AE37922785D4B00D57C87 /* SearchBarManager.swift */ = {isa = PBXFileReference; lastKnownFileType = sourcecode.swift; path = SearchBarManager.swift; sourceTree = "<group>"; };
		4A3AE37B2278600D00D57C87 /* SearchBarManagerImp.swift */ = {isa = PBXFileReference; lastKnownFileType = sourcecode.swift; path = SearchBarManagerImp.swift; sourceTree = "<group>"; };
		4A3FDC19225F8CFD0015060C /* DistanceEndpointProvider.swift */ = {isa = PBXFileReference; lastKnownFileType = sourcecode.swift; path = DistanceEndpointProvider.swift; sourceTree = "<group>"; };
		4A3FDC1B225FA7980015060C /* RouteInfoDTO.swift */ = {isa = PBXFileReference; lastKnownFileType = sourcecode.swift; path = RouteInfoDTO.swift; sourceTree = "<group>"; };
		4A3FDC1D225FB40A0015060C /* DirectionsResult.swift */ = {isa = PBXFileReference; lastKnownFileType = sourcecode.swift; path = DirectionsResult.swift; sourceTree = "<group>"; };
		4A3FDC1F225FCE0D0015060C /* ExtraRouteInfo.swift */ = {isa = PBXFileReference; lastKnownFileType = sourcecode.swift; path = ExtraRouteInfo.swift; sourceTree = "<group>"; };
		4A3FDC222260ADB50015060C /* Routing.swift */ = {isa = PBXFileReference; lastKnownFileType = sourcecode.swift; path = Routing.swift; sourceTree = "<group>"; };
		4A3FDC242263535D0015060C /* Alternatives.swift */ = {isa = PBXFileReference; lastKnownFileType = sourcecode.swift; path = Alternatives.swift; sourceTree = "<group>"; };
		4A3FDC27226358070015060C /* MapFrameworkConstants.swift */ = {isa = PBXFileReference; lastKnownFileType = sourcecode.swift; path = MapFrameworkConstants.swift; sourceTree = "<group>"; };
		4A3FDC2D2263726D0015060C /* DirectionEndpointProvider.swift */ = {isa = PBXFileReference; lastKnownFileType = sourcecode.swift; path = DirectionEndpointProvider.swift; sourceTree = "<group>"; };
		4A3FDC2F226373B90015060C /* DistanceRequest.swift */ = {isa = PBXFileReference; lastKnownFileType = sourcecode.swift; path = DistanceRequest.swift; sourceTree = "<group>"; };
		4A3FDC31226374D10015060C /* DistanceResponse.swift */ = {isa = PBXFileReference; lastKnownFileType = sourcecode.swift; path = DistanceResponse.swift; sourceTree = "<group>"; };
		4A3FDC3422637CF50015060C /* DirectionServices.swift */ = {isa = PBXFileReference; lastKnownFileType = sourcecode.swift; path = DirectionServices.swift; sourceTree = "<group>"; };
		4A3FDC3622637E350015060C /* DistanceServices.swift */ = {isa = PBXFileReference; lastKnownFileType = sourcecode.swift; path = DistanceServices.swift; sourceTree = "<group>"; };
		4A3FDC3822637EA80015060C /* DistanceResult.swift */ = {isa = PBXFileReference; lastKnownFileType = sourcecode.swift; path = DistanceResult.swift; sourceTree = "<group>"; };
		4A3FDC3A22638ABE0015060C /* DistanceData.swift */ = {isa = PBXFileReference; lastKnownFileType = sourcecode.swift; path = DistanceData.swift; sourceTree = "<group>"; };
		4A3FDC3F22639DA80015060C /* TrafficMonitoringImp.swift */ = {isa = PBXFileReference; lastKnownFileType = sourcecode.swift; path = TrafficMonitoringImp.swift; sourceTree = "<group>"; };
		4A3FDC422263A3DF0015060C /* MapTypeManagerImp.swift */ = {isa = PBXFileReference; lastKnownFileType = sourcecode.swift; path = MapTypeManagerImp.swift; sourceTree = "<group>"; };
		4A3FDC442263A4D30015060C /* MapType.swift */ = {isa = PBXFileReference; lastKnownFileType = sourcecode.swift; path = MapType.swift; sourceTree = "<group>"; };
		4A3FDC472263A7120015060C /* MapStyleImp.swift */ = {isa = PBXFileReference; lastKnownFileType = sourcecode.swift; path = MapStyleImp.swift; sourceTree = "<group>"; };
		4A3FDC4A226453790015060C /* TrafficMonitoring.swift */ = {isa = PBXFileReference; lastKnownFileType = sourcecode.swift; path = TrafficMonitoring.swift; sourceTree = "<group>"; };
		4A3FDC4D226453AC0015060C /* MapTypeManager.swift */ = {isa = PBXFileReference; lastKnownFileType = sourcecode.swift; path = MapTypeManager.swift; sourceTree = "<group>"; };
		4A3FDC4F226453CF0015060C /* MapStyle.swift */ = {isa = PBXFileReference; lastKnownFileType = sourcecode.swift; path = MapStyle.swift; sourceTree = "<group>"; };
		4A98328C22648C0500005D37 /* StandardTheme.json */ = {isa = PBXFileReference; lastKnownFileType = text.json; path = StandardTheme.json; sourceTree = "<group>"; };
		4A98328E22648C4200005D37 /* SilverTheme.json */ = {isa = PBXFileReference; lastKnownFileType = text.json; path = SilverTheme.json; sourceTree = "<group>"; };
		4A98329022648C5500005D37 /* RetroTheme.json */ = {isa = PBXFileReference; lastKnownFileType = text.json; path = RetroTheme.json; sourceTree = "<group>"; };
		4A98329222648C6900005D37 /* DarkTheme.json */ = {isa = PBXFileReference; lastKnownFileType = text.json; path = DarkTheme.json; sourceTree = "<group>"; };
		4A98329422648C7700005D37 /* NightTheme.json */ = {isa = PBXFileReference; lastKnownFileType = text.json; path = NightTheme.json; sourceTree = "<group>"; };
		4A98329622648C8F00005D37 /* AubergineTheme.json */ = {isa = PBXFileReference; lastKnownFileType = text.json; path = AubergineTheme.json; sourceTree = "<group>"; };
		4A9832982264914200005D37 /* MapThemeManagerImp.swift */ = {isa = PBXFileReference; lastKnownFileType = sourcecode.swift; path = MapThemeManagerImp.swift; sourceTree = "<group>"; };
		4A98329A2264915500005D37 /* MapThemeManager.swift */ = {isa = PBXFileReference; lastKnownFileType = sourcecode.swift; path = MapThemeManager.swift; sourceTree = "<group>"; };
		4A98329C2264926600005D37 /* MapTheme.swift */ = {isa = PBXFileReference; lastKnownFileType = sourcecode.swift; path = MapTheme.swift; sourceTree = "<group>"; };
		4A98329E22649B4F00005D37 /* MapFrameworkExceptions.swift */ = {isa = PBXFileReference; lastKnownFileType = sourcecode.swift; path = MapFrameworkExceptions.swift; sourceTree = "<group>"; };
		4A9832A42266024900005D37 /* VDMapFrameworkTestApplicationTests.xctest */ = {isa = PBXFileReference; explicitFileType = wrapper.cfbundle; includeInIndex = 0; path = VDMapFrameworkTestApplicationTests.xctest; sourceTree = BUILT_PRODUCTS_DIR; };
		4A9832A62266024900005D37 /* VDMapFrameworkTestApplicationTests.swift */ = {isa = PBXFileReference; lastKnownFileType = sourcecode.swift; path = VDMapFrameworkTestApplicationTests.swift; sourceTree = "<group>"; };
		4A9832A82266024900005D37 /* Info.plist */ = {isa = PBXFileReference; lastKnownFileType = text.plist.xml; path = Info.plist; sourceTree = "<group>"; };
		4A9832B3226602F300005D37 /* DistanceServicesTests.swift */ = {isa = PBXFileReference; lastKnownFileType = sourcecode.swift; path = DistanceServicesTests.swift; sourceTree = "<group>"; };
		4A9832B72266032000005D37 /* DirectionServices.swift */ = {isa = PBXFileReference; lastKnownFileType = sourcecode.swift; path = DirectionServices.swift; sourceTree = "<group>"; };
		50BF049D2C5ABF9F95C4FD11 /* Pods_VDMapFrameworkTestApplication.framework */ = {isa = PBXFileReference; explicitFileType = wrapper.framework; includeInIndex = 0; path = Pods_VDMapFrameworkTestApplication.framework; sourceTree = BUILT_PRODUCTS_DIR; };
		800CC03970CF9DFD373E0116 /* Pods-VDMapFrameworkTestApplication.debug.xcconfig */ = {isa = PBXFileReference; includeInIndex = 1; lastKnownFileType = text.xcconfig; name = "Pods-VDMapFrameworkTestApplication.debug.xcconfig"; path = "Pods/Target Support Files/Pods-VDMapFrameworkTestApplication/Pods-VDMapFrameworkTestApplication.debug.xcconfig"; sourceTree = "<group>"; };
		B3D0697BA3FD06F9172750FD /* Pods-VDMapFrameworkTestApplication.release.xcconfig */ = {isa = PBXFileReference; includeInIndex = 1; lastKnownFileType = text.xcconfig; name = "Pods-VDMapFrameworkTestApplication.release.xcconfig"; path = "Pods/Target Support Files/Pods-VDMapFrameworkTestApplication/Pods-VDMapFrameworkTestApplication.release.xcconfig"; sourceTree = "<group>"; };
/* End PBXFileReference section */

/* Begin PBXFrameworksBuildPhase section */
		4A0D9DAD225CABCC00B4AB39 /* Frameworks */ = {
			isa = PBXFrameworksBuildPhase;
			buildActionMask = 2147483647;
			files = (
				FEA6058808130977D0125DB2 /* Pods_VDMapFrameworkTestApplication.framework in Frameworks */,
			);
			runOnlyForDeploymentPostprocessing = 0;
		};
		4A9832A12266024900005D37 /* Frameworks */ = {
			isa = PBXFrameworksBuildPhase;
			buildActionMask = 2147483647;
			files = (
			);
			runOnlyForDeploymentPostprocessing = 0;
		};
/* End PBXFrameworksBuildPhase section */

/* Begin PBXGroup section */
		4A0D9DA7225CABCC00B4AB39 = {
			isa = PBXGroup;
			children = (
				4A0D9DB2225CABCC00B4AB39 /* VDMapFrameworkTestApplication */,
				4A9832A52266024900005D37 /* VDMapFrameworkTestApplicationTests */,
				4A0D9DB1225CABCC00B4AB39 /* Products */,
				74DC6EE4B0FA9AE8BA888E2C /* Pods */,
				B4E53232FB463CEB413A4CF4 /* Frameworks */,
			);
			sourceTree = "<group>";
		};
		4A0D9DB1225CABCC00B4AB39 /* Products */ = {
			isa = PBXGroup;
			children = (
				4A0D9DB0225CABCC00B4AB39 /* VDMapFrameworkTestApplication.app */,
				4A9832A42266024900005D37 /* VDMapFrameworkTestApplicationTests.xctest */,
			);
			name = Products;
			sourceTree = "<group>";
		};
		4A0D9DB2225CABCC00B4AB39 /* VDMapFrameworkTestApplication */ = {
			isa = PBXGroup;
			children = (
				4A98328B22648BD900005D37 /* MapThemes */,
				4A3FDC3D22639D1B0015060C /* Features */,
				4A3FDC26226357EB0015060C /* Utils */,
				4A0D9E1E225E3BB200B4AB39 /* Extensions */,
				4A0D9DC6225CCFE300B4AB39 /* Network */,
				4A0D9DB3225CABCC00B4AB39 /* AppDelegate.swift */,
				4A0D9DB5225CABCC00B4AB39 /* ViewController.swift */,
				4A0D9DB7225CABCC00B4AB39 /* Main.storyboard */,
				4A0D9DBA225CABCE00B4AB39 /* Assets.xcassets */,
				4A0D9DBC225CABCE00B4AB39 /* LaunchScreen.storyboard */,
				4A0D9DBF225CABCE00B4AB39 /* Info.plist */,
			);
			path = VDMapFrameworkTestApplication;
			sourceTree = "<group>";
		};
		4A0D9DC6225CCFE300B4AB39 /* Network */ = {
			isa = PBXGroup;
			children = (
				4A0D9E15225E38F600B4AB39 /* EndpointProviders */,
				4A0D9DE8225E102C00B4AB39 /* Services */,
				4A0D9DE3225DD10400B4AB39 /* Manager */,
				4A0D9DDC225DD02100B4AB39 /* Protocols */,
				4A0D9DD9225CDAF900B4AB39 /* Extension */,
				4A0D9DCA225CD03800B4AB39 /* Models */,
				4A0D9DC7225CD01700B4AB39 /* SessionManager */,
			);
			path = Network;
			sourceTree = "<group>";
		};
		4A0D9DC7225CD01700B4AB39 /* SessionManager */ = {
			isa = PBXGroup;
			children = (
				4A0D9DC8225CD02800B4AB39 /* SessionManagerStore.swift */,
			);
			path = SessionManager;
			sourceTree = "<group>";
		};
		4A0D9DCA225CD03800B4AB39 /* Models */ = {
			isa = PBXGroup;
			children = (
				4A0D9DCB225CD55B00B4AB39 /* BaseURL.swift */,
				4A0D9DCD225CD5B500B4AB39 /* API.swift */,
				4A0D9DCF225CD73700B4AB39 /* NetworkResult.swift */,
				4A0D9DD1225CD75600B4AB39 /* RequestError.swift */,
				4A0D9DD3225CD7B700B4AB39 /* DTO.swift */,
				4A0D9DD5225CD7D800B4AB39 /* NetworkError.swift */,
				4A0D9DD7225CDA2F00B4AB39 /* Endpoint.swift */,
				4A0D9DE1225DD0E700B4AB39 /* EmptyDTO.swift */,
			);
			path = Models;
			sourceTree = "<group>";
		};
		4A0D9DD9225CDAF900B4AB39 /* Extension */ = {
			isa = PBXGroup;
			children = (
				4A0D9DDA225CDB1E00B4AB39 /* URLRequest+Networking.swift */,
				4A0D9E21225E3BEB00B4AB39 /* API+Extensions.swift */,
				4A0D9E23225E3C3400B4AB39 /* BaseURL+Extensions.swift */,
			);
			path = Extension;
			sourceTree = "<group>";
		};
		4A0D9DDC225DD02100B4AB39 /* Protocols */ = {
			isa = PBXGroup;
			children = (
				4A0D9DDD225DD05400B4AB39 /* NetworkManager.swift */,
				4A0D9DDF225DD06700B4AB39 /* EndpointProvider.swift */,
			);
			path = Protocols;
			sourceTree = "<group>";
		};
		4A0D9DE3225DD10400B4AB39 /* Manager */ = {
			isa = PBXGroup;
			children = (
				4A0D9DE4225DD12600B4AB39 /* URLSessionManager.swift */,
			);
			path = Manager;
			sourceTree = "<group>";
		};
		4A0D9DE8225E102C00B4AB39 /* Services */ = {
			isa = PBXGroup;
			children = (
				4A3FDC3322637CDF0015060C /* RoutingServices */,
			);
			path = Services;
			sourceTree = "<group>";
		};
		4A0D9DEB225E105E00B4AB39 /* Routing */ = {
			isa = PBXGroup;
			children = (
				4A3FDC51226453FB0015060C /* Implementation */,
				4A3FDC212260AD920015060C /* Contract */,
				4A0D9DEC225E106800B4AB39 /* Model */,
			);
			path = Routing;
			sourceTree = "<group>";
		};
		4A0D9DEC225E106800B4AB39 /* Model */ = {
			isa = PBXGroup;
			children = (
				4A0D9DED225E10A800B4AB39 /* TravelMode.swift */,
				4A3FDC1B225FA7980015060C /* RouteInfoDTO.swift */,
				4A3FDC1D225FB40A0015060C /* DirectionsResult.swift */,
				4A3FDC1F225FCE0D0015060C /* ExtraRouteInfo.swift */,
				4A3FDC242263535D0015060C /* Alternatives.swift */,
				4A3FDC3822637EA80015060C /* DistanceResult.swift */,
				4A3FDC3A22638ABE0015060C /* DistanceData.swift */,
			);
			path = Model;
			sourceTree = "<group>";
		};
		4A0D9E15225E38F600B4AB39 /* EndpointProviders */ = {
			isa = PBXGroup;
			children = (
				4A0D9E16225E38FE00B4AB39 /* Routing */,
			);
			path = EndpointProviders;
			sourceTree = "<group>";
		};
		4A0D9E16225E38FE00B4AB39 /* Routing */ = {
			isa = PBXGroup;
			children = (
				4A3FDC18225F8CE10015060C /* EndpointProvider */,
				4A0D9E1A225E399400B4AB39 /* Response */,
				4A0D9E17225E391D00B4AB39 /* Request */,
			);
			path = Routing;
			sourceTree = "<group>";
		};
		4A0D9E17225E391D00B4AB39 /* Request */ = {
			isa = PBXGroup;
			children = (
				4A0D9E18225E393000B4AB39 /* DirectionRequest.swift */,
				4A3FDC2F226373B90015060C /* DistanceRequest.swift */,
			);
			path = Request;
			sourceTree = "<group>";
		};
		4A0D9E1A225E399400B4AB39 /* Response */ = {
			isa = PBXGroup;
			children = (
				4A0D9E1C225E39BD00B4AB39 /* DirectionResponse.swift */,
				4A3FDC31226374D10015060C /* DistanceResponse.swift */,
			);
			path = Response;
			sourceTree = "<group>";
		};
		4A0D9E1E225E3BB200B4AB39 /* Extensions */ = {
			isa = PBXGroup;
			children = (
				4A0D9E1F225E3BBF00B4AB39 /* Extensions.swift */,
			);
			path = Extensions;
			sourceTree = "<group>";
		};
		4A3AE33B2266FEBB00D57C87 /* Mocks */ = {
			isa = PBXGroup;
			children = (
				4A3AE33C2266FECD00D57C87 /* MockNetworkManager.swift */,
				4A3AE34F22673F4C00D57C87 /* MockDirectionService.swift */,
				4A3AE35122673FAC00D57C87 /* MockDistanceService.swift */,
			);
			path = Mocks;
			sourceTree = "<group>";
		};
		4A3AE33E22670C4000D57C87 /* Stubs */ = {
			isa = PBXGroup;
			children = (
				4A3AE33F22670C6B00D57C87 /* DirectionMockData.json */,
				4A3AE34122670E4D00D57C87 /* DistanceMockData.json */,
				4A3AE3432267101400D57C87 /* TestData.swift */,
				4A3AE3482267312000D57C87 /* ErrorMockData.json */,
				4A3AE34A2267369200D57C87 /* FailureMockData.json */,
				4A3AE3552267504D00D57C87 /* MockJsonString.swift */,
			);
			path = Stubs;
			sourceTree = "<group>";
		};
		4A3AE34C22673E2000D57C87 /* RoutingServices */ = {
			isa = PBXGroup;
			children = (
				4A3AE34D22673E3800D57C87 /* RoutingServicesTests.swift */,
			);
			path = RoutingServices;
			sourceTree = "<group>";
		};
		4A3AE35A22675FA900D57C87 /* Mocks */ = {
			isa = PBXGroup;
			children = (
				4A3AE35E22675FF500D57C87 /* MockMapTypeManager.swift */,
				4A3AE3602267606700D57C87 /* MockThemeManager.swift */,
			);
			path = Mocks;
			sourceTree = "<group>";
		};
		4A3AE35B22675FAF00D57C87 /* Tests */ = {
			isa = PBXGroup;
			children = (
				4A3AE35322674C8000D57C87 /* MapTypeManagerTests.swift */,
				4A3AE3572267509300D57C87 /* MapThemeManager.swift */,
				4A3AE35C22675FDD00D57C87 /* MapStyleTests.swift */,
			);
			path = Tests;
			sourceTree = "<group>";
		};
		4A3AE364226880C400D57C87 /* Mocks */ = {
			isa = PBXGroup;
			children = (
				4A3AE366226880E600D57C87 /* MockRoutingService.swift */,
			);
			path = Mocks;
			sourceTree = "<group>";
		};
		4A3AE365226880CD00D57C87 /* Tests */ = {
			isa = PBXGroup;
			children = (
				4A3AE36822688A5500D57C87 /* RoutingTests.swift */,
			);
			path = Tests;
			sourceTree = "<group>";
		};
		4A3AE36A226DE45000D57C87 /* Camera */ = {
			isa = PBXGroup;
			children = (
				4A3AE36D226DE63900D57C87 /* Model */,
				4A3AE36C226DE63000D57C87 /* Contract */,
				4A3AE36B226DE62300D57C87 /* Implementation */,
			);
			path = Camera;
			sourceTree = "<group>";
		};
		4A3AE36B226DE62300D57C87 /* Implementation */ = {
			isa = PBXGroup;
			children = (
				4A3AE370226EF82D00D57C87 /* CameraManagerImp.swift */,
			);
			path = Implementation;
			sourceTree = "<group>";
		};
		4A3AE36C226DE63000D57C87 /* Contract */ = {
			isa = PBXGroup;
			children = (
				4A3AE36E226EF34C00D57C87 /* CameraManager.swift */,
			);
			path = Contract;
			sourceTree = "<group>";
		};
		4A3AE36D226DE63900D57C87 /* Model */ = {
			isa = PBXGroup;
			children = (
			);
			path = Model;
			sourceTree = "<group>";
		};
		4A3AE37222704D1900D57C87 /* Camera */ = {
			isa = PBXGroup;
			children = (
				4A3AE37322704D3100D57C87 /* CameraManagerTests.swift */,
			);
			path = Camera;
			sourceTree = "<group>";
		};
		4A3AE37522784FA500D57C87 /* SearchBar */ = {
			isa = PBXGroup;
			children = (
				4A3AE37822784FE600D57C87 /* Model */,
				4A3AE37622784FCF00D57C87 /* Contract */,
				4A3AE37722784FD600D57C87 /* Implementation */,
			);
			path = SearchBar;
			sourceTree = "<group>";
		};
		4A3AE37622784FCF00D57C87 /* Contract */ = {
			isa = PBXGroup;
			children = (
				4A3AE37922785D4B00D57C87 /* SearchBarManager.swift */,
			);
			path = Contract;
			sourceTree = "<group>";
		};
		4A3AE37722784FD600D57C87 /* Implementation */ = {
			isa = PBXGroup;
			children = (
				4A3AE37B2278600D00D57C87 /* SearchBarManagerImp.swift */,
			);
			path = Implementation;
			sourceTree = "<group>";
		};
		4A3AE37822784FE600D57C87 /* Model */ = {
			isa = PBXGroup;
			children = (
			);
			path = Model;
			sourceTree = "<group>";
		};
		4A3FDC18225F8CE10015060C /* EndpointProvider */ = {
			isa = PBXGroup;
			children = (
				4A3FDC19225F8CFD0015060C /* DistanceEndpointProvider.swift */,
				4A3FDC2D2263726D0015060C /* DirectionEndpointProvider.swift */,
			);
			path = EndpointProvider;
			sourceTree = "<group>";
		};
		4A3FDC212260AD920015060C /* Contract */ = {
			isa = PBXGroup;
			children = (
				4A3FDC222260ADB50015060C /* Routing.swift */,
			);
			path = Contract;
			sourceTree = "<group>";
		};
		4A3FDC26226357EB0015060C /* Utils */ = {
			isa = PBXGroup;
			children = (
				4A3FDC27226358070015060C /* MapFrameworkConstants.swift */,
				4A98329E22649B4F00005D37 /* MapFrameworkExceptions.swift */,
			);
			path = Utils;
			sourceTree = "<group>";
		};
		4A3FDC3322637CDF0015060C /* RoutingServices */ = {
			isa = PBXGroup;
			children = (
				4A0D9DE9225E103C00B4AB39 /* RoutingService.swift */,
				4A3FDC3422637CF50015060C /* DirectionServices.swift */,
				4A3FDC3622637E350015060C /* DistanceServices.swift */,
			);
			path = RoutingServices;
			sourceTree = "<group>";
		};
		4A3FDC3D22639D1B0015060C /* Features */ = {
			isa = PBXGroup;
			children = (
				4A3AE37522784FA500D57C87 /* SearchBar */,
				4A3AE36A226DE45000D57C87 /* Camera */,
				4A3FDC412263A3060015060C /* MapStyle */,
				4A3FDC3E22639D260015060C /* TrafficMonitoring */,
				4A0D9DEB225E105E00B4AB39 /* Routing */,
			);
			path = Features;
			sourceTree = "<group>";
		};
		4A3FDC3E22639D260015060C /* TrafficMonitoring */ = {
			isa = PBXGroup;
			children = (
				4A3FDC522264540C0015060C /* Implementation */,
				4A3FDC492264534C0015060C /* Contract */,
			);
			path = TrafficMonitoring;
			sourceTree = "<group>";
		};
		4A3FDC412263A3060015060C /* MapStyle */ = {
			isa = PBXGroup;
			children = (
				4A3FDC53226454170015060C /* Implementation */,
				4A3FDC4C2264538B0015060C /* Contracts */,
				4A3FDC462263A4E10015060C /* Model */,
			);
			path = MapStyle;
			sourceTree = "<group>";
		};
		4A3FDC462263A4E10015060C /* Model */ = {
			isa = PBXGroup;
			children = (
				4A3FDC442263A4D30015060C /* MapType.swift */,
				4A98329C2264926600005D37 /* MapTheme.swift */,
			);
			path = Model;
			sourceTree = "<group>";
		};
		4A3FDC492264534C0015060C /* Contract */ = {
			isa = PBXGroup;
			children = (
				4A3FDC4A226453790015060C /* TrafficMonitoring.swift */,
			);
			path = Contract;
			sourceTree = "<group>";
		};
		4A3FDC4C2264538B0015060C /* Contracts */ = {
			isa = PBXGroup;
			children = (
				4A3FDC4D226453AC0015060C /* MapTypeManager.swift */,
				4A3FDC4F226453CF0015060C /* MapStyle.swift */,
				4A98329A2264915500005D37 /* MapThemeManager.swift */,
			);
			path = Contracts;
			sourceTree = "<group>";
		};
		4A3FDC51226453FB0015060C /* Implementation */ = {
			isa = PBXGroup;
			children = (
				4A0D9DE6225E0F9B00B4AB39 /* RoutingImp.swift */,
			);
			path = Implementation;
			sourceTree = "<group>";
		};
		4A3FDC522264540C0015060C /* Implementation */ = {
			isa = PBXGroup;
			children = (
				4A3FDC3F22639DA80015060C /* TrafficMonitoringImp.swift */,
			);
			path = Implementation;
			sourceTree = "<group>";
		};
		4A3FDC53226454170015060C /* Implementation */ = {
			isa = PBXGroup;
			children = (
				4A3FDC422263A3DF0015060C /* MapTypeManagerImp.swift */,
				4A3FDC472263A7120015060C /* MapStyleImp.swift */,
				4A9832982264914200005D37 /* MapThemeManagerImp.swift */,
			);
			path = Implementation;
			sourceTree = "<group>";
		};
		4A98328B22648BD900005D37 /* MapThemes */ = {
			isa = PBXGroup;
			children = (
				4A98328C22648C0500005D37 /* StandardTheme.json */,
				4A98328E22648C4200005D37 /* SilverTheme.json */,
				4A98329022648C5500005D37 /* RetroTheme.json */,
				4A98329222648C6900005D37 /* DarkTheme.json */,
				4A98329422648C7700005D37 /* NightTheme.json */,
				4A98329622648C8F00005D37 /* AubergineTheme.json */,
			);
			path = MapThemes;
			sourceTree = "<group>";
		};
		4A9832A52266024900005D37 /* VDMapFrameworkTestApplicationTests */ = {
			isa = PBXGroup;
			children = (
				4A3AE33E22670C4000D57C87 /* Stubs */,
				4A3AE33B2266FEBB00D57C87 /* Mocks */,
				4A9832B2226602B400005D37 /* Services */,
				4A9832AE2266027200005D37 /* Features */,
				4A9832A62266024900005D37 /* VDMapFrameworkTestApplicationTests.swift */,
				4A9832A82266024900005D37 /* Info.plist */,
			);
			path = VDMapFrameworkTestApplicationTests;
			sourceTree = "<group>";
		};
		4A9832AE2266027200005D37 /* Features */ = {
			isa = PBXGroup;
			children = (
				4A3AE37222704D1900D57C87 /* Camera */,
				4A9832B12266029500005D37 /* Styling */,
				4A9832B02266028C00005D37 /* TraficMonitoring */,
				4A9832AF2266028400005D37 /* Routing */,
			);
			path = Features;
			sourceTree = "<group>";
		};
		4A9832AF2266028400005D37 /* Routing */ = {
			isa = PBXGroup;
			children = (
				4A3AE365226880CD00D57C87 /* Tests */,
				4A3AE364226880C400D57C87 /* Mocks */,
			);
			path = Routing;
			sourceTree = "<group>";
		};
		4A9832B02266028C00005D37 /* TraficMonitoring */ = {
			isa = PBXGroup;
			children = (
				4A3AE3622268604900D57C87 /* TrafficMonitoringTests.swift */,
			);
			path = TraficMonitoring;
			sourceTree = "<group>";
		};
		4A9832B12266029500005D37 /* Styling */ = {
			isa = PBXGroup;
			children = (
				4A3AE35B22675FAF00D57C87 /* Tests */,
				4A3AE35A22675FA900D57C87 /* Mocks */,
			);
			path = Styling;
			sourceTree = "<group>";
		};
		4A9832B2226602B400005D37 /* Services */ = {
			isa = PBXGroup;
			children = (
				4A3AE34C22673E2000D57C87 /* RoutingServices */,
				4A9832B62266030E00005D37 /* DirectionServices */,
				4A9832B5226602F700005D37 /* DistanceServices */,
			);
			path = Services;
			sourceTree = "<group>";
		};
		4A9832B5226602F700005D37 /* DistanceServices */ = {
			isa = PBXGroup;
			children = (
				4A9832B3226602F300005D37 /* DistanceServicesTests.swift */,
			);
			path = DistanceServices;
			sourceTree = "<group>";
		};
		4A9832B62266030E00005D37 /* DirectionServices */ = {
			isa = PBXGroup;
			children = (
				4A9832B72266032000005D37 /* DirectionServices.swift */,
			);
			path = DirectionServices;
			sourceTree = "<group>";
		};
		74DC6EE4B0FA9AE8BA888E2C /* Pods */ = {
			isa = PBXGroup;
			children = (
				800CC03970CF9DFD373E0116 /* Pods-VDMapFrameworkTestApplication.debug.xcconfig */,
				B3D0697BA3FD06F9172750FD /* Pods-VDMapFrameworkTestApplication.release.xcconfig */,
			);
			name = Pods;
			sourceTree = "<group>";
		};
		B4E53232FB463CEB413A4CF4 /* Frameworks */ = {
			isa = PBXGroup;
			children = (
				50BF049D2C5ABF9F95C4FD11 /* Pods_VDMapFrameworkTestApplication.framework */,
			);
			name = Frameworks;
			sourceTree = "<group>";
		};
/* End PBXGroup section */

/* Begin PBXNativeTarget section */
		4A0D9DAF225CABCC00B4AB39 /* VDMapFrameworkTestApplication */ = {
			isa = PBXNativeTarget;
			buildConfigurationList = 4A0D9DC2225CABCE00B4AB39 /* Build configuration list for PBXNativeTarget "VDMapFrameworkTestApplication" */;
			buildPhases = (
				7A0F5D1EE88C4D1D36107AA6 /* [CP] Check Pods Manifest.lock */,
				4A0D9DAC225CABCC00B4AB39 /* Sources */,
				4A0D9DAD225CABCC00B4AB39 /* Frameworks */,
				4A0D9DAE225CABCC00B4AB39 /* Resources */,
				ACE6CCE9EC8A3AB0A5E0D9AE /* [CP] Copy Pods Resources */,
			);
			buildRules = (
			);
			dependencies = (
			);
			name = VDMapFrameworkTestApplication;
			productName = VDMapFrameworkTestApplication;
			productReference = 4A0D9DB0225CABCC00B4AB39 /* VDMapFrameworkTestApplication.app */;
			productType = "com.apple.product-type.application";
		};
		4A9832A32266024900005D37 /* VDMapFrameworkTestApplicationTests */ = {
			isa = PBXNativeTarget;
			buildConfigurationList = 4A9832AD2266024900005D37 /* Build configuration list for PBXNativeTarget "VDMapFrameworkTestApplicationTests" */;
			buildPhases = (
				4A9832A02266024900005D37 /* Sources */,
				4A9832A12266024900005D37 /* Frameworks */,
				4A9832A22266024900005D37 /* Resources */,
			);
			buildRules = (
			);
			dependencies = (
				4A9832AA2266024900005D37 /* PBXTargetDependency */,
			);
			name = VDMapFrameworkTestApplicationTests;
			productName = VDMapFrameworkTestApplicationTests;
			productReference = 4A9832A42266024900005D37 /* VDMapFrameworkTestApplicationTests.xctest */;
			productType = "com.apple.product-type.bundle.unit-test";
		};
/* End PBXNativeTarget section */

/* Begin PBXProject section */
		4A0D9DA8225CABCC00B4AB39 /* Project object */ = {
			isa = PBXProject;
			attributes = {
				LastSwiftUpdateCheck = 1010;
				LastUpgradeCheck = 1010;
				ORGANIZATIONNAME = Osama;
				TargetAttributes = {
					4A0D9DAF225CABCC00B4AB39 = {
						CreatedOnToolsVersion = 10.1;
					};
					4A9832A32266024900005D37 = {
						CreatedOnToolsVersion = 10.1;
						TestTargetID = 4A0D9DAF225CABCC00B4AB39;
					};
				};
			};
			buildConfigurationList = 4A0D9DAB225CABCC00B4AB39 /* Build configuration list for PBXProject "VDMapFrameworkTestApplication" */;
			compatibilityVersion = "Xcode 9.3";
			developmentRegion = en;
			hasScannedForEncodings = 0;
			knownRegions = (
				en,
				Base,
			);
			mainGroup = 4A0D9DA7225CABCC00B4AB39;
			productRefGroup = 4A0D9DB1225CABCC00B4AB39 /* Products */;
			projectDirPath = "";
			projectRoot = "";
			targets = (
				4A0D9DAF225CABCC00B4AB39 /* VDMapFrameworkTestApplication */,
				4A9832A32266024900005D37 /* VDMapFrameworkTestApplicationTests */,
			);
		};
/* End PBXProject section */

/* Begin PBXResourcesBuildPhase section */
		4A0D9DAE225CABCC00B4AB39 /* Resources */ = {
			isa = PBXResourcesBuildPhase;
			buildActionMask = 2147483647;
			files = (
				4A98329122648C5500005D37 /* RetroTheme.json in Resources */,
				4A98329322648C6900005D37 /* DarkTheme.json in Resources */,
				4A0D9DBE225CABCE00B4AB39 /* LaunchScreen.storyboard in Resources */,
				4A98328D22648C0500005D37 /* StandardTheme.json in Resources */,
				4A98329522648C7700005D37 /* NightTheme.json in Resources */,
				4A0D9DBB225CABCE00B4AB39 /* Assets.xcassets in Resources */,
				4A98329722648C8F00005D37 /* AubergineTheme.json in Resources */,
				4A0D9DB9225CABCC00B4AB39 /* Main.storyboard in Resources */,
				4A98328F22648C4200005D37 /* SilverTheme.json in Resources */,
			);
			runOnlyForDeploymentPostprocessing = 0;
		};
		4A9832A22266024900005D37 /* Resources */ = {
			isa = PBXResourcesBuildPhase;
			buildActionMask = 2147483647;
			files = (
				4A3AE34222670E4D00D57C87 /* DistanceMockData.json in Resources */,
				4A3AE34022670C6B00D57C87 /* DirectionMockData.json in Resources */,
				4A3AE359226758FD00D57C87 /* StandardTheme.json in Resources */,
				4A3AE3492267312000D57C87 /* ErrorMockData.json in Resources */,
				4A3AE34B2267369200D57C87 /* FailureMockData.json in Resources */,
			);
			runOnlyForDeploymentPostprocessing = 0;
		};
/* End PBXResourcesBuildPhase section */

/* Begin PBXShellScriptBuildPhase section */
		7A0F5D1EE88C4D1D36107AA6 /* [CP] Check Pods Manifest.lock */ = {
			isa = PBXShellScriptBuildPhase;
			buildActionMask = 2147483647;
			files = (
			);
			inputPaths = (
				"${PODS_PODFILE_DIR_PATH}/Podfile.lock",
				"${PODS_ROOT}/Manifest.lock",
			);
			name = "[CP] Check Pods Manifest.lock";
			outputPaths = (
				"$(DERIVED_FILE_DIR)/Pods-VDMapFrameworkTestApplication-checkManifestLockResult.txt",
			);
			runOnlyForDeploymentPostprocessing = 0;
			shellPath = /bin/sh;
			shellScript = "diff \"${PODS_PODFILE_DIR_PATH}/Podfile.lock\" \"${PODS_ROOT}/Manifest.lock\" > /dev/null\nif [ $? != 0 ] ; then\n    # print error to STDERR\n    echo \"error: The sandbox is not in sync with the Podfile.lock. Run 'pod install' or update your CocoaPods installation.\" >&2\n    exit 1\nfi\n# This output is used by Xcode 'outputs' to avoid re-running this script phase.\necho \"SUCCESS\" > \"${SCRIPT_OUTPUT_FILE_0}\"\n";
			showEnvVarsInLog = 0;
		};
		ACE6CCE9EC8A3AB0A5E0D9AE /* [CP] Copy Pods Resources */ = {
			isa = PBXShellScriptBuildPhase;
			buildActionMask = 2147483647;
			files = (
			);
			inputPaths = (
				"${SRCROOT}/Pods/Target Support Files/Pods-VDMapFrameworkTestApplication/Pods-VDMapFrameworkTestApplication-resources.sh",
				"${PODS_ROOT}/GoogleMaps/Maps/Frameworks/GoogleMaps.framework/Resources/GoogleMaps.bundle",
				"${PODS_ROOT}/GooglePlaces/Frameworks/GooglePlaces.framework/Resources/GooglePlaces.bundle",
			);
			name = "[CP] Copy Pods Resources";
			outputPaths = (
				"${TARGET_BUILD_DIR}/${UNLOCALIZED_RESOURCES_FOLDER_PATH}/GoogleMaps.bundle",
				"${TARGET_BUILD_DIR}/${UNLOCALIZED_RESOURCES_FOLDER_PATH}/GooglePlaces.bundle",
			);
			runOnlyForDeploymentPostprocessing = 0;
			shellPath = /bin/sh;
			shellScript = "\"${SRCROOT}/Pods/Target Support Files/Pods-VDMapFrameworkTestApplication/Pods-VDMapFrameworkTestApplication-resources.sh\"\n";
			showEnvVarsInLog = 0;
		};
/* End PBXShellScriptBuildPhase section */

/* Begin PBXSourcesBuildPhase section */
		4A0D9DAC225CABCC00B4AB39 /* Sources */ = {
			isa = PBXSourcesBuildPhase;
			buildActionMask = 2147483647;
			files = (
				4A3FDC3722637E350015060C /* DistanceServices.swift in Sources */,
				4A9832992264914200005D37 /* MapThemeManagerImp.swift in Sources */,
				4A3FDC1E225FB40A0015060C /* DirectionsResult.swift in Sources */,
				4A3FDC3522637CF50015060C /* DirectionServices.swift in Sources */,
				4A3FDC4B226453790015060C /* TrafficMonitoring.swift in Sources */,
				4A3FDC4022639DA80015060C /* TrafficMonitoringImp.swift in Sources */,
				4A0D9DE7225E0F9B00B4AB39 /* RoutingImp.swift in Sources */,
				4A0D9DD2225CD75600B4AB39 /* RequestError.swift in Sources */,
				4A0D9DDE225DD05400B4AB39 /* NetworkManager.swift in Sources */,
				4A0D9DD0225CD73700B4AB39 /* NetworkResult.swift in Sources */,
				4A98329D2264926600005D37 /* MapTheme.swift in Sources */,
				4A3FDC252263535D0015060C /* Alternatives.swift in Sources */,
				4A3FDC1A225F8CFD0015060C /* DistanceEndpointProvider.swift in Sources */,
				4A0D9DEA225E103C00B4AB39 /* RoutingService.swift in Sources */,
				4A0D9DE0225DD06700B4AB39 /* EndpointProvider.swift in Sources */,
				4A3FDC4E226453AC0015060C /* MapTypeManager.swift in Sources */,
				4A0D9E24225E3C3400B4AB39 /* BaseURL+Extensions.swift in Sources */,
				4A0D9DB6225CABCC00B4AB39 /* ViewController.swift in Sources */,
				4A3FDC432263A3DF0015060C /* MapTypeManagerImp.swift in Sources */,
				4A0D9DD4225CD7B700B4AB39 /* DTO.swift in Sources */,
				4A0D9E22225E3BEB00B4AB39 /* API+Extensions.swift in Sources */,
				4A0D9DD8225CDA2F00B4AB39 /* Endpoint.swift in Sources */,
				4A0D9DE2225DD0E700B4AB39 /* EmptyDTO.swift in Sources */,
				4A0D9DC9225CD02800B4AB39 /* SessionManagerStore.swift in Sources */,
				4A0D9DEE225E10A800B4AB39 /* TravelMode.swift in Sources */,
				4A3AE371226EF82D00D57C87 /* CameraManagerImp.swift in Sources */,
				4A3FDC232260ADB50015060C /* Routing.swift in Sources */,
				4A3AE37A22785D4B00D57C87 /* SearchBarManager.swift in Sources */,
				4A0D9DE5225DD12600B4AB39 /* URLSessionManager.swift in Sources */,
				4A0D9E20225E3BBF00B4AB39 /* Extensions.swift in Sources */,
				4A3FDC452263A4D30015060C /* MapType.swift in Sources */,
				4A3AE36F226EF34C00D57C87 /* CameraManager.swift in Sources */,
				4A0D9DCC225CD55B00B4AB39 /* BaseURL.swift in Sources */,
				4A3FDC1C225FA7980015060C /* RouteInfoDTO.swift in Sources */,
				4A0D9DD6225CD7D800B4AB39 /* NetworkError.swift in Sources */,
				4A3FDC3922637EA80015060C /* DistanceResult.swift in Sources */,
				4A3AE37C2278600D00D57C87 /* SearchBarManagerImp.swift in Sources */,
				4A3FDC482263A7120015060C /* MapStyleImp.swift in Sources */,
				4A3FDC50226453CF0015060C /* MapStyle.swift in Sources */,
				4A98329B2264915500005D37 /* MapThemeManager.swift in Sources */,
				4A3FDC2E2263726D0015060C /* DirectionEndpointProvider.swift in Sources */,
				4A98329F22649B4F00005D37 /* MapFrameworkExceptions.swift in Sources */,
				4A0D9E1D225E39BD00B4AB39 /* DirectionResponse.swift in Sources */,
				4A0D9E19225E393000B4AB39 /* DirectionRequest.swift in Sources */,
				4A3FDC3B22638ABE0015060C /* DistanceData.swift in Sources */,
				4A3FDC28226358070015060C /* MapFrameworkConstants.swift in Sources */,
				4A0D9DB4225CABCC00B4AB39 /* AppDelegate.swift in Sources */,
				4A0D9DDB225CDB1E00B4AB39 /* URLRequest+Networking.swift in Sources */,
				4A3FDC30226373B90015060C /* DistanceRequest.swift in Sources */,
				4A0D9DCE225CD5B500B4AB39 /* API.swift in Sources */,
				4A3FDC20225FCE0D0015060C /* ExtraRouteInfo.swift in Sources */,
				4A3FDC32226374D10015060C /* DistanceResponse.swift in Sources */,
			);
			runOnlyForDeploymentPostprocessing = 0;
		};
		4A9832A02266024900005D37 /* Sources */ = {
			isa = PBXSourcesBuildPhase;
			buildActionMask = 2147483647;
			files = (
				4A3AE35022673F4C00D57C87 /* MockDirectionService.swift in Sources */,
				4A9832B4226602F300005D37 /* DistanceServicesTests.swift in Sources */,
				4A3AE35222673FAC00D57C87 /* MockDistanceService.swift in Sources */,
				4A3AE3612267606700D57C87 /* MockThemeManager.swift in Sources */,
				4A9832A72266024900005D37 /* VDMapFrameworkTestApplicationTests.swift in Sources */,
				4A3AE3582267509300D57C87 /* MapThemeManager.swift in Sources */,
				4A3AE37422704D3100D57C87 /* CameraManagerTests.swift in Sources */,
				4A3AE367226880E600D57C87 /* MockRoutingService.swift in Sources */,
				4A3AE3632268604900D57C87 /* TrafficMonitoringTests.swift in Sources */,
				4A3AE34E22673E3800D57C87 /* RoutingServicesTests.swift in Sources */,
				4A3AE33D2266FECD00D57C87 /* MockNetworkManager.swift in Sources */,
				4A3AE35422674C8000D57C87 /* MapTypeManagerTests.swift in Sources */,
				4A3AE35F22675FF500D57C87 /* MockMapTypeManager.swift in Sources */,
				4A3AE35D22675FDD00D57C87 /* MapStyleTests.swift in Sources */,
				4A3AE3442267101400D57C87 /* TestData.swift in Sources */,
				4A3AE36922688A5500D57C87 /* RoutingTests.swift in Sources */,
				4A3AE3562267504D00D57C87 /* MockJsonString.swift in Sources */,
				4A9832B82266032000005D37 /* DirectionServices.swift in Sources */,
			);
			runOnlyForDeploymentPostprocessing = 0;
		};
/* End PBXSourcesBuildPhase section */

/* Begin PBXTargetDependency section */
		4A9832AA2266024900005D37 /* PBXTargetDependency */ = {
			isa = PBXTargetDependency;
			target = 4A0D9DAF225CABCC00B4AB39 /* VDMapFrameworkTestApplication */;
			targetProxy = 4A9832A92266024900005D37 /* PBXContainerItemProxy */;
		};
/* End PBXTargetDependency section */

/* Begin PBXVariantGroup section */
		4A0D9DB7225CABCC00B4AB39 /* Main.storyboard */ = {
			isa = PBXVariantGroup;
			children = (
				4A0D9DB8225CABCC00B4AB39 /* Base */,
			);
			name = Main.storyboard;
			sourceTree = "<group>";
		};
		4A0D9DBC225CABCE00B4AB39 /* LaunchScreen.storyboard */ = {
			isa = PBXVariantGroup;
			children = (
				4A0D9DBD225CABCE00B4AB39 /* Base */,
			);
			name = LaunchScreen.storyboard;
			sourceTree = "<group>";
		};
/* End PBXVariantGroup section */

/* Begin XCBuildConfiguration section */
		4A0D9DC0225CABCE00B4AB39 /* Debug */ = {
			isa = XCBuildConfiguration;
			buildSettings = {
				ALWAYS_SEARCH_USER_PATHS = NO;
				CLANG_ANALYZER_NONNULL = YES;
				CLANG_ANALYZER_NUMBER_OBJECT_CONVERSION = YES_AGGRESSIVE;
				CLANG_CXX_LANGUAGE_STANDARD = "gnu++14";
				CLANG_CXX_LIBRARY = "libc++";
				CLANG_ENABLE_MODULES = YES;
				CLANG_ENABLE_OBJC_ARC = YES;
				CLANG_ENABLE_OBJC_WEAK = YES;
				CLANG_WARN_BLOCK_CAPTURE_AUTORELEASING = YES;
				CLANG_WARN_BOOL_CONVERSION = YES;
				CLANG_WARN_COMMA = YES;
				CLANG_WARN_CONSTANT_CONVERSION = YES;
				CLANG_WARN_DEPRECATED_OBJC_IMPLEMENTATIONS = YES;
				CLANG_WARN_DIRECT_OBJC_ISA_USAGE = YES_ERROR;
				CLANG_WARN_DOCUMENTATION_COMMENTS = YES;
				CLANG_WARN_EMPTY_BODY = YES;
				CLANG_WARN_ENUM_CONVERSION = YES;
				CLANG_WARN_INFINITE_RECURSION = YES;
				CLANG_WARN_INT_CONVERSION = YES;
				CLANG_WARN_NON_LITERAL_NULL_CONVERSION = YES;
				CLANG_WARN_OBJC_IMPLICIT_RETAIN_SELF = YES;
				CLANG_WARN_OBJC_LITERAL_CONVERSION = YES;
				CLANG_WARN_OBJC_ROOT_CLASS = YES_ERROR;
				CLANG_WARN_RANGE_LOOP_ANALYSIS = YES;
				CLANG_WARN_STRICT_PROTOTYPES = YES;
				CLANG_WARN_SUSPICIOUS_MOVE = YES;
				CLANG_WARN_UNGUARDED_AVAILABILITY = YES_AGGRESSIVE;
				CLANG_WARN_UNREACHABLE_CODE = YES;
				CLANG_WARN__DUPLICATE_METHOD_MATCH = YES;
				CODE_SIGN_IDENTITY = "iPhone Developer";
				COPY_PHASE_STRIP = NO;
				DEBUG_INFORMATION_FORMAT = dwarf;
				ENABLE_STRICT_OBJC_MSGSEND = YES;
				ENABLE_TESTABILITY = YES;
				GCC_C_LANGUAGE_STANDARD = gnu11;
				GCC_DYNAMIC_NO_PIC = NO;
				GCC_NO_COMMON_BLOCKS = YES;
				GCC_OPTIMIZATION_LEVEL = 0;
				GCC_PREPROCESSOR_DEFINITIONS = (
					"DEBUG=1",
					"$(inherited)",
				);
				GCC_WARN_64_TO_32_BIT_CONVERSION = YES;
				GCC_WARN_ABOUT_RETURN_TYPE = YES_ERROR;
				GCC_WARN_UNDECLARED_SELECTOR = YES;
				GCC_WARN_UNINITIALIZED_AUTOS = YES_AGGRESSIVE;
				GCC_WARN_UNUSED_FUNCTION = YES;
				GCC_WARN_UNUSED_VARIABLE = YES;
				IPHONEOS_DEPLOYMENT_TARGET = 12.1;
				MTL_ENABLE_DEBUG_INFO = INCLUDE_SOURCE;
				MTL_FAST_MATH = YES;
				ONLY_ACTIVE_ARCH = YES;
				SDKROOT = iphoneos;
				SWIFT_ACTIVE_COMPILATION_CONDITIONS = DEBUG;
				SWIFT_OPTIMIZATION_LEVEL = "-Onone";
			};
			name = Debug;
		};
		4A0D9DC1225CABCE00B4AB39 /* Release */ = {
			isa = XCBuildConfiguration;
			buildSettings = {
				ALWAYS_SEARCH_USER_PATHS = NO;
				CLANG_ANALYZER_NONNULL = YES;
				CLANG_ANALYZER_NUMBER_OBJECT_CONVERSION = YES_AGGRESSIVE;
				CLANG_CXX_LANGUAGE_STANDARD = "gnu++14";
				CLANG_CXX_LIBRARY = "libc++";
				CLANG_ENABLE_MODULES = YES;
				CLANG_ENABLE_OBJC_ARC = YES;
				CLANG_ENABLE_OBJC_WEAK = YES;
				CLANG_WARN_BLOCK_CAPTURE_AUTORELEASING = YES;
				CLANG_WARN_BOOL_CONVERSION = YES;
				CLANG_WARN_COMMA = YES;
				CLANG_WARN_CONSTANT_CONVERSION = YES;
				CLANG_WARN_DEPRECATED_OBJC_IMPLEMENTATIONS = YES;
				CLANG_WARN_DIRECT_OBJC_ISA_USAGE = YES_ERROR;
				CLANG_WARN_DOCUMENTATION_COMMENTS = YES;
				CLANG_WARN_EMPTY_BODY = YES;
				CLANG_WARN_ENUM_CONVERSION = YES;
				CLANG_WARN_INFINITE_RECURSION = YES;
				CLANG_WARN_INT_CONVERSION = YES;
				CLANG_WARN_NON_LITERAL_NULL_CONVERSION = YES;
				CLANG_WARN_OBJC_IMPLICIT_RETAIN_SELF = YES;
				CLANG_WARN_OBJC_LITERAL_CONVERSION = YES;
				CLANG_WARN_OBJC_ROOT_CLASS = YES_ERROR;
				CLANG_WARN_RANGE_LOOP_ANALYSIS = YES;
				CLANG_WARN_STRICT_PROTOTYPES = YES;
				CLANG_WARN_SUSPICIOUS_MOVE = YES;
				CLANG_WARN_UNGUARDED_AVAILABILITY = YES_AGGRESSIVE;
				CLANG_WARN_UNREACHABLE_CODE = YES;
				CLANG_WARN__DUPLICATE_METHOD_MATCH = YES;
				CODE_SIGN_IDENTITY = "iPhone Developer";
				COPY_PHASE_STRIP = NO;
				DEBUG_INFORMATION_FORMAT = "dwarf-with-dsym";
				ENABLE_NS_ASSERTIONS = NO;
				ENABLE_STRICT_OBJC_MSGSEND = YES;
				GCC_C_LANGUAGE_STANDARD = gnu11;
				GCC_NO_COMMON_BLOCKS = YES;
				GCC_WARN_64_TO_32_BIT_CONVERSION = YES;
				GCC_WARN_ABOUT_RETURN_TYPE = YES_ERROR;
				GCC_WARN_UNDECLARED_SELECTOR = YES;
				GCC_WARN_UNINITIALIZED_AUTOS = YES_AGGRESSIVE;
				GCC_WARN_UNUSED_FUNCTION = YES;
				GCC_WARN_UNUSED_VARIABLE = YES;
				IPHONEOS_DEPLOYMENT_TARGET = 12.1;
				MTL_ENABLE_DEBUG_INFO = NO;
				MTL_FAST_MATH = YES;
				SDKROOT = iphoneos;
				SWIFT_COMPILATION_MODE = wholemodule;
				SWIFT_OPTIMIZATION_LEVEL = "-O";
				VALIDATE_PRODUCT = YES;
			};
			name = Release;
		};
		4A0D9DC3225CABCE00B4AB39 /* Debug */ = {
			isa = XCBuildConfiguration;
			baseConfigurationReference = 800CC03970CF9DFD373E0116 /* Pods-VDMapFrameworkTestApplication.debug.xcconfig */;
			buildSettings = {
				ASSETCATALOG_COMPILER_APPICON_NAME = AppIcon;
				CODE_SIGN_STYLE = Automatic;
				INFOPLIST_FILE = VDMapFrameworkTestApplication/Info.plist;
				LD_RUNPATH_SEARCH_PATHS = (
					"$(inherited)",
					"@executable_path/Frameworks",
				);
				PRODUCT_BUNDLE_IDENTIFIER = com.osama.VDMapFrameworkTestApplication;
				PRODUCT_NAME = "$(TARGET_NAME)";
				SWIFT_VERSION = 4.2;
				TARGETED_DEVICE_FAMILY = "1,2";
			};
			name = Debug;
		};
		4A0D9DC4225CABCE00B4AB39 /* Release */ = {
			isa = XCBuildConfiguration;
			baseConfigurationReference = B3D0697BA3FD06F9172750FD /* Pods-VDMapFrameworkTestApplication.release.xcconfig */;
			buildSettings = {
				ASSETCATALOG_COMPILER_APPICON_NAME = AppIcon;
				CODE_SIGN_STYLE = Automatic;
				INFOPLIST_FILE = VDMapFrameworkTestApplication/Info.plist;
				LD_RUNPATH_SEARCH_PATHS = (
					"$(inherited)",
					"@executable_path/Frameworks",
				);
				PRODUCT_BUNDLE_IDENTIFIER = com.osama.VDMapFrameworkTestApplication;
				PRODUCT_NAME = "$(TARGET_NAME)";
				SWIFT_VERSION = 4.2;
				TARGETED_DEVICE_FAMILY = "1,2";
			};
			name = Release;
		};
		4A9832AB2266024900005D37 /* Debug */ = {
			isa = XCBuildConfiguration;
			buildSettings = {
				BUNDLE_LOADER = "$(TEST_HOST)";
				CODE_SIGN_STYLE = Automatic;
				INFOPLIST_FILE = VDMapFrameworkTestApplicationTests/Info.plist;
				LD_RUNPATH_SEARCH_PATHS = (
					"$(inherited)",
					"@executable_path/Frameworks",
					"@loader_path/Frameworks",
				);
				PRODUCT_BUNDLE_IDENTIFIER = com.osama.VDMapFrameworkTestApplicationTests;
				PRODUCT_NAME = "$(TARGET_NAME)";
				SWIFT_VERSION = 4.2;
				TARGETED_DEVICE_FAMILY = "1,2";
				TEST_HOST = "$(BUILT_PRODUCTS_DIR)/VDMapFrameworkTestApplication.app/VDMapFrameworkTestApplication";
			};
			name = Debug;
		};
		4A9832AC2266024900005D37 /* Release */ = {
			isa = XCBuildConfiguration;
			buildSettings = {
				BUNDLE_LOADER = "$(TEST_HOST)";
				CODE_SIGN_STYLE = Automatic;
				INFOPLIST_FILE = VDMapFrameworkTestApplicationTests/Info.plist;
				LD_RUNPATH_SEARCH_PATHS = (
					"$(inherited)",
					"@executable_path/Frameworks",
					"@loader_path/Frameworks",
				);
				PRODUCT_BUNDLE_IDENTIFIER = com.osama.VDMapFrameworkTestApplicationTests;
				PRODUCT_NAME = "$(TARGET_NAME)";
				SWIFT_VERSION = 4.2;
				TARGETED_DEVICE_FAMILY = "1,2";
				TEST_HOST = "$(BUILT_PRODUCTS_DIR)/VDMapFrameworkTestApplication.app/VDMapFrameworkTestApplication";
			};
			name = Release;
		};
/* End XCBuildConfiguration section */

/* Begin XCConfigurationList section */
		4A0D9DAB225CABCC00B4AB39 /* Build configuration list for PBXProject "VDMapFrameworkTestApplication" */ = {
			isa = XCConfigurationList;
			buildConfigurations = (
				4A0D9DC0225CABCE00B4AB39 /* Debug */,
				4A0D9DC1225CABCE00B4AB39 /* Release */,
			);
			defaultConfigurationIsVisible = 0;
			defaultConfigurationName = Release;
		};
		4A0D9DC2225CABCE00B4AB39 /* Build configuration list for PBXNativeTarget "VDMapFrameworkTestApplication" */ = {
			isa = XCConfigurationList;
			buildConfigurations = (
				4A0D9DC3225CABCE00B4AB39 /* Debug */,
				4A0D9DC4225CABCE00B4AB39 /* Release */,
			);
			defaultConfigurationIsVisible = 0;
			defaultConfigurationName = Release;
		};
		4A9832AD2266024900005D37 /* Build configuration list for PBXNativeTarget "VDMapFrameworkTestApplicationTests" */ = {
			isa = XCConfigurationList;
			buildConfigurations = (
				4A9832AB2266024900005D37 /* Debug */,
				4A9832AC2266024900005D37 /* Release */,
			);
			defaultConfigurationIsVisible = 0;
			defaultConfigurationName = Release;
		};
/* End XCConfigurationList section */
	};
	rootObject = 4A0D9DA8225CABCC00B4AB39 /* Project object */;
}
